# This file is automatically @generated by Cargo.
# It is not intended for manual editing.
version = 4

[[package]]
name = "bengal-cli"
version = "0.1.0"
dependencies = [
 "bengal-compiler",
 "sparkler",
]

[[package]]
name = "bengal-compiler"
version = "0.1.0"
dependencies = [
 "sparkler",
]

[[package]]
name = "bengal-std"
version = "0.1.0"

[[package]]
name = "sparkler"
version = "0.1.0"
dependencies = [
 "bengal-std",
]
